
Microsoft Visual Studio Solution File, Format Version 12.00
# Visual Studio 14
VisualStudioVersion = 14.0.25123.0
MinimumVisualStudioVersion = 10.0.40219.1
Project("{FAE04EC0-301F-11D3-BF4B-00C04F79EFBC}") = "ServiceProcess", "ServiceProcess\ServiceProcess.csproj", "{170F8ACB-A013-4F9D-BF5E-079D373E8439}"
EndProject
Project("{FAE04EC0-301F-11D3-BF4B-00C04F79EFBC}") = "ServiceTestHarness", "ServiceTestHarness\ServiceTestHarness.csproj", "{58A6ADAB-1EF9-476A-980B-9E99A51C2B65}"
EndProject
Project("{FAE04EC0-301F-11D3-BF4B-00C04F79EFBC}") = "MyWindowsService", "MyWindowsService\MyWindowsService.csproj", "{3B80C08F-0A18-4366-BFE8-5E7F6CCE17A1}"
EndProject
Project("{FAE04EC0-301F-11D3-BF4B-00C04F79EFBC}") = "ServiceUpdater", "ServiceUpdater\ServiceUpdater.csproj", "{A0D652A5-BD51-4927-8D11-962F22DBA869}"
EndProject
Project("{FAE04EC0-301F-11D3-BF4B-00C04F79EFBC}") = "ServerUpdateWebHost", "ServerUpdateWebHost\ServerUpdateWebHost.csproj", "{C6BF3971-D29B-467B-A6F5-3D3EEDCCAA43}"
EndProject
Global
	GlobalSection(SolutionConfigurationPlatforms) = preSolution
		Debug|Any CPU = Debug|Any CPU
		Debug|Mixed Platforms = Debug|Mixed Platforms
		Debug|x86 = Debug|x86
		Release|Any CPU = Release|Any CPU
		Release|Mixed Platforms = Release|Mixed Platforms
		Release|x86 = Release|x86
	EndGlobalSection
	GlobalSection(ProjectConfigurationPlatforms) = postSolution
		{170F8ACB-A013-4F9D-BF5E-079D373E8439}.Debug|Any CPU.ActiveCfg = Debug|Any CPU
		{170F8ACB-A013-4F9D-BF5E-079D373E8439}.Debug|Any CPU.Build.0 = Debug|Any CPU
		{170F8ACB-A013-4F9D-BF5E-079D373E8439}.Debug|Mixed Platforms.ActiveCfg = Debug|Any CPU
		{170F8ACB-A013-4F9D-BF5E-079D373E8439}.Debug|Mixed Platforms.Build.0 = Debug|Any CPU
		{170F8ACB-A013-4F9D-BF5E-079D373E8439}.Debug|x86.ActiveCfg = Debug|Any CPU
		{170F8ACB-A013-4F9D-BF5E-079D373E8439}.Release|Any CPU.ActiveCfg = Release|Any CPU
		{170F8ACB-A013-4F9D-BF5E-079D373E8439}.Release|Any CPU.Build.0 = Release|Any CPU
		{170F8ACB-A013-4F9D-BF5E-079D373E8439}.Release|Mixed Platforms.ActiveCfg = Release|Any CPU
		{170F8ACB-A013-4F9D-BF5E-079D373E8439}.Release|Mixed Platforms.Build.0 = Release|Any CPU
		{170F8ACB-A013-4F9D-BF5E-079D373E8439}.Release|x86.ActiveCfg = Release|Any CPU
		{58A6ADAB-1EF9-476A-980B-9E99A51C2B65}.Debug|Any CPU.ActiveCfg = Debug|x86
		{58A6ADAB-1EF9-476A-980B-9E99A51C2B65}.Debug|Mixed Platforms.ActiveCfg = Debug|x86
		{58A6ADAB-1EF9-476A-980B-9E99A51C2B65}.Debug|Mixed Platforms.Build.0 = Debug|x86
		{58A6ADAB-1EF9-476A-980B-9E99A51C2B65}.Debug|x86.ActiveCfg = Debug|x86
		{58A6ADAB-1EF9-476A-980B-9E99A51C2B65}.Debug|x86.Build.0 = Debug|x86
		{58A6ADAB-1EF9-476A-980B-9E99A51C2B65}.Release|Any CPU.ActiveCfg = Release|x86
		{58A6ADAB-1EF9-476A-980B-9E99A51C2B65}.Release|Mixed Platforms.ActiveCfg = Release|x86
		{58A6ADAB-1EF9-476A-980B-9E99A51C2B65}.Release|Mixed Platforms.Build.0 = Release|x86
		{58A6ADAB-1EF9-476A-980B-9E99A51C2B65}.Release|x86.ActiveCfg = Release|x86
		{58A6ADAB-1EF9-476A-980B-9E99A51C2B65}.Release|x86.Build.0 = Release|x86
		{3B80C08F-0A18-4366-BFE8-5E7F6CCE17A1}.Debug|Any CPU.ActiveCfg = Debug|x86
		{3B80C08F-0A18-4366-BFE8-5E7F6CCE17A1}.Debug|Mixed Platforms.ActiveCfg = Debug|x86
		{3B80C08F-0A18-4366-BFE8-5E7F6CCE17A1}.Debug|Mixed Platforms.Build.0 = Debug|x86
		{3B80C08F-0A18-4366-BFE8-5E7F6CCE17A1}.Debug|x86.ActiveCfg = Debug|x86
		{3B80C08F-0A18-4366-BFE8-5E7F6CCE17A1}.Debug|x86.Build.0 = Debug|x86
		{3B80C08F-0A18-4366-BFE8-5E7F6CCE17A1}.Release|Any CPU.ActiveCfg = Release|x86
		{3B80C08F-0A18-4366-BFE8-5E7F6CCE17A1}.Release|Mixed Platforms.ActiveCfg = Release|x86
		{3B80C08F-0A18-4366-BFE8-5E7F6CCE17A1}.Release|Mixed Platforms.Build.0 = Release|x86
		{3B80C08F-0A18-4366-BFE8-5E7F6CCE17A1}.Release|x86.ActiveCfg = Release|x86
		{3B80C08F-0A18-4366-BFE8-5E7F6CCE17A1}.Release|x86.Build.0 = Release|x86
		{A0D652A5-BD51-4927-8D11-962F22DBA869}.Debug|Any CPU.ActiveCfg = Debug|x86
		{A0D652A5-BD51-4927-8D11-962F22DBA869}.Debug|Mixed Platforms.ActiveCfg = Debug|x86
		{A0D652A5-BD51-4927-8D11-962F22DBA869}.Debug|Mixed Platforms.Build.0 = Debug|x86
		{A0D652A5-BD51-4927-8D11-962F22DBA869}.Debug|x86.ActiveCfg = Debug|x86
		{A0D652A5-BD51-4927-8D11-962F22DBA869}.Debug|x86.Build.0 = Debug|x86
		{A0D652A5-BD51-4927-8D11-962F22DBA869}.Release|Any CPU.ActiveCfg = Release|x86
		{A0D652A5-BD51-4927-8D11-962F22DBA869}.Release|Mixed Platforms.ActiveCfg = Release|x86
		{A0D652A5-BD51-4927-8D11-962F22DBA869}.Release|Mixed Platforms.Build.0 = Release|x86
		{A0D652A5-BD51-4927-8D11-962F22DBA869}.Release|x86.ActiveCfg = Release|x86
		{A0D652A5-BD51-4927-8D11-962F22DBA869}.Release|x86.Build.0 = Release|x86
		{C6BF3971-D29B-467B-A6F5-3D3EEDCCAA43}.Debug|Any CPU.ActiveCfg = Debug|Any CPU
		{C6BF3971-D29B-467B-A6F5-3D3EEDCCAA43}.Debug|Any CPU.Build.0 = Debug|Any CPU
		{C6BF3971-D29B-467B-A6F5-3D3EEDCCAA43}.Debug|Mixed Platforms.ActiveCfg = Debug|Any CPU
		{C6BF3971-D29B-467B-A6F5-3D3EEDCCAA43}.Debug|Mixed Platforms.Build.0 = Debug|Any CPU
		{C6BF3971-D29B-467B-A6F5-3D3EEDCCAA43}.Debug|x86.ActiveCfg = Debug|Any CPU
		{C6BF3971-D29B-467B-A6F5-3D3EEDCCAA43}.Debug|x86.Build.0 = Debug|Any CPU
		{C6BF3971-D29B-467B-A6F5-3D3EEDCCAA43}.Release|Any CPU.ActiveCfg = Release|Any CPU
		{C6BF3971-D29B-467B-A6F5-3D3EEDCCAA43}.Release|Any CPU.Build.0 = Release|Any CPU
		{C6BF3971-D29B-467B-A6F5-3D3EEDCCAA43}.Release|Mixed Platforms.ActiveCfg = Release|Any CPU
		{C6BF3971-D29B-467B-A6F5-3D3EEDCCAA43}.Release|Mixed Platforms.Build.0 = Release|Any CPU
		{C6BF3971-D29B-467B-A6F5-3D3EEDCCAA43}.Release|x86.ActiveCfg = Release|Any CPU
		{C6BF3971-D29B-467B-A6F5-3D3EEDCCAA43}.Release|x86.Build.0 = Release|Any CPU
	EndGlobalSection
	GlobalSection(SolutionProperties) = preSolution
		HideSolutionNode = FALSE
	EndGlobalSection
EndGlobal
