
Microsoft Visual Studio Solution File, Format Version 12.00
# Visual Studio 14
VisualStudioVersion = 14.0.25123.0
MinimumVisualStudioVersion = 10.0.40219.1
Project("{2150E333-8FDC-42A3-9474-1A3956D46DE8}") = "00-MainProject", "00-MainProject", "{1C444BA5-BC4F-4574-B789-FC3EDC6ED5D8}"
EndProject
Project("{2150E333-8FDC-42A3-9474-1A3956D46DE8}") = "20-SubProject", "20-SubProject", "{CBC11E13-0CA2-44C3-9F53-11796707C0A7}"
EndProject
Project("{2150E333-8FDC-42A3-9474-1A3956D46DE8}") = "30-Interface", "30-Interface", "{87BF383E-16B8-4C71-933A-BB1899C3AACB}"
EndProject
Project("{FAE04EC0-301F-11D3-BF4B-00C04F79EFBC}") = "SelfUpdateSetting.Config", "Config\SelfUpdateSetting.Config\SelfUpdateSetting.Config.csproj", "{427DD4AC-539E-4CF6-A6B7-9F8B125795B7}"
EndProject
Project("{2150E333-8FDC-42A3-9474-1A3956D46DE8}") = "40-Contract", "40-Contract", "{A4C6EC8F-413C-4BE8-8F2E-B8DE7923853E}"
EndProject
Project("{2150E333-8FDC-42A3-9474-1A3956D46DE8}") = "50-PluginProject", "50-PluginProject", "{8EF522C7-07BA-4BD2-B4BB-8B4549622ECC}"
EndProject
Project("{2150E333-8FDC-42A3-9474-1A3956D46DE8}") = "60-Config", "60-Config", "{955801CF-9BBA-44E7-8467-96F945236F6C}"
EndProject
Project("{FAE04EC0-301F-11D3-BF4B-00C04F79EFBC}") = "EsExtensionDaemonService", "MainProject\EsExtensionDaemonService\EsExtensionDaemonService.csproj", "{850EF8DD-A0EE-4CDA-8012-B6379A57E29F}"
EndProject
Project("{FAE04EC0-301F-11D3-BF4B-00C04F79EFBC}") = "SelfUpdate.Interface", "Interface\IServiceSelfUpdater\SelfUpdate.Interface.csproj", "{445CBD68-1CC7-47C6-B11C-E911B02C65F1}"
EndProject
Project("{FAE04EC0-301F-11D3-BF4B-00C04F79EFBC}") = "CustomerInfo.Plugin", "Plugin\ServiceHostUserInfo\CustomerInfo.Plugin.csproj", "{86536105-425F-4E69-847D-BA0272F60AB4}"
EndProject
Project("{FAE04EC0-301F-11D3-BF4B-00C04F79EFBC}") = "EsExtension.Plugin", "Plugin\UpdateEsExtension\EsExtension.Plugin.csproj", "{18394B43-3C55-4F8A-A388-AC300871BBF5}"
EndProject
Project("{FAE04EC0-301F-11D3-BF4B-00C04F79EFBC}") = "SelfUpdateHelper", "SubProject\SelfUpdateHelper\SelfUpdateHelper.csproj", "{7D5BF980-ECD9-410A-94BA-96BCDB71E4A0}"
EndProject
Project("{FAE04EC0-301F-11D3-BF4B-00C04F79EFBC}") = "ServiceProcess", "SubProject\ServiceProcess\ServiceProcess.csproj", "{170F8ACB-A013-4F9D-BF5E-079D373E8439}"
EndProject
Project("{FAE04EC0-301F-11D3-BF4B-00C04F79EFBC}") = "SelfUpdate.Contract", "Contract\ServiceSelfUpdate.Contract\SelfUpdate.Contract.csproj", "{F5BAD4D4-1D57-4946-B95B-F6E236C95920}"
EndProject
Global
	GlobalSection(SolutionConfigurationPlatforms) = preSolution
		Debug|Any CPU = Debug|Any CPU
		Debug|Mixed Platforms = Debug|Mixed Platforms
		Debug|x64 = Debug|x64
		Debug|x86 = Debug|x86
		Release|Any CPU = Release|Any CPU
		Release|Mixed Platforms = Release|Mixed Platforms
		Release|x64 = Release|x64
		Release|x86 = Release|x86
	EndGlobalSection
	GlobalSection(ProjectConfigurationPlatforms) = postSolution
		{427DD4AC-539E-4CF6-A6B7-9F8B125795B7}.Debug|Any CPU.ActiveCfg = Debug|Any CPU
		{427DD4AC-539E-4CF6-A6B7-9F8B125795B7}.Debug|Any CPU.Build.0 = Debug|Any CPU
		{427DD4AC-539E-4CF6-A6B7-9F8B125795B7}.Debug|Mixed Platforms.ActiveCfg = Debug|Any CPU
		{427DD4AC-539E-4CF6-A6B7-9F8B125795B7}.Debug|Mixed Platforms.Build.0 = Debug|Any CPU
		{427DD4AC-539E-4CF6-A6B7-9F8B125795B7}.Debug|x64.ActiveCfg = Debug|Any CPU
		{427DD4AC-539E-4CF6-A6B7-9F8B125795B7}.Debug|x64.Build.0 = Debug|Any CPU
		{427DD4AC-539E-4CF6-A6B7-9F8B125795B7}.Debug|x86.ActiveCfg = Debug|Any CPU
		{427DD4AC-539E-4CF6-A6B7-9F8B125795B7}.Debug|x86.Build.0 = Debug|Any CPU
		{427DD4AC-539E-4CF6-A6B7-9F8B125795B7}.Release|Any CPU.ActiveCfg = Release|Any CPU
		{427DD4AC-539E-4CF6-A6B7-9F8B125795B7}.Release|Any CPU.Build.0 = Release|Any CPU
		{427DD4AC-539E-4CF6-A6B7-9F8B125795B7}.Release|Mixed Platforms.ActiveCfg = Release|Any CPU
		{427DD4AC-539E-4CF6-A6B7-9F8B125795B7}.Release|Mixed Platforms.Build.0 = Release|Any CPU
		{427DD4AC-539E-4CF6-A6B7-9F8B125795B7}.Release|x64.ActiveCfg = Release|Any CPU
		{427DD4AC-539E-4CF6-A6B7-9F8B125795B7}.Release|x64.Build.0 = Release|Any CPU
		{427DD4AC-539E-4CF6-A6B7-9F8B125795B7}.Release|x86.ActiveCfg = Release|Any CPU
		{427DD4AC-539E-4CF6-A6B7-9F8B125795B7}.Release|x86.Build.0 = Release|Any CPU
		{850EF8DD-A0EE-4CDA-8012-B6379A57E29F}.Debug|Any CPU.ActiveCfg = Debug|Any CPU
		{850EF8DD-A0EE-4CDA-8012-B6379A57E29F}.Debug|Any CPU.Build.0 = Debug|Any CPU
		{850EF8DD-A0EE-4CDA-8012-B6379A57E29F}.Debug|Mixed Platforms.ActiveCfg = Debug|Any CPU
		{850EF8DD-A0EE-4CDA-8012-B6379A57E29F}.Debug|Mixed Platforms.Build.0 = Debug|Any CPU
		{850EF8DD-A0EE-4CDA-8012-B6379A57E29F}.Debug|x64.ActiveCfg = Debug|Any CPU
		{850EF8DD-A0EE-4CDA-8012-B6379A57E29F}.Debug|x64.Build.0 = Debug|Any CPU
		{850EF8DD-A0EE-4CDA-8012-B6379A57E29F}.Debug|x86.ActiveCfg = Debug|Any CPU
		{850EF8DD-A0EE-4CDA-8012-B6379A57E29F}.Debug|x86.Build.0 = Debug|Any CPU
		{850EF8DD-A0EE-4CDA-8012-B6379A57E29F}.Release|Any CPU.ActiveCfg = Release|Any CPU
		{850EF8DD-A0EE-4CDA-8012-B6379A57E29F}.Release|Any CPU.Build.0 = Release|Any CPU
		{850EF8DD-A0EE-4CDA-8012-B6379A57E29F}.Release|Mixed Platforms.ActiveCfg = Release|Any CPU
		{850EF8DD-A0EE-4CDA-8012-B6379A57E29F}.Release|Mixed Platforms.Build.0 = Release|Any CPU
		{850EF8DD-A0EE-4CDA-8012-B6379A57E29F}.Release|x64.ActiveCfg = Release|Any CPU
		{850EF8DD-A0EE-4CDA-8012-B6379A57E29F}.Release|x64.Build.0 = Release|Any CPU
		{850EF8DD-A0EE-4CDA-8012-B6379A57E29F}.Release|x86.ActiveCfg = Release|Any CPU
		{850EF8DD-A0EE-4CDA-8012-B6379A57E29F}.Release|x86.Build.0 = Release|Any CPU
		{445CBD68-1CC7-47C6-B11C-E911B02C65F1}.Debug|Any CPU.ActiveCfg = Debug|Any CPU
		{445CBD68-1CC7-47C6-B11C-E911B02C65F1}.Debug|Any CPU.Build.0 = Debug|Any CPU
		{445CBD68-1CC7-47C6-B11C-E911B02C65F1}.Debug|Mixed Platforms.ActiveCfg = Debug|Any CPU
		{445CBD68-1CC7-47C6-B11C-E911B02C65F1}.Debug|Mixed Platforms.Build.0 = Debug|Any CPU
		{445CBD68-1CC7-47C6-B11C-E911B02C65F1}.Debug|x64.ActiveCfg = Debug|Any CPU
		{445CBD68-1CC7-47C6-B11C-E911B02C65F1}.Debug|x64.Build.0 = Debug|Any CPU
		{445CBD68-1CC7-47C6-B11C-E911B02C65F1}.Debug|x86.ActiveCfg = Debug|Any CPU
		{445CBD68-1CC7-47C6-B11C-E911B02C65F1}.Debug|x86.Build.0 = Debug|Any CPU
		{445CBD68-1CC7-47C6-B11C-E911B02C65F1}.Release|Any CPU.ActiveCfg = Release|Any CPU
		{445CBD68-1CC7-47C6-B11C-E911B02C65F1}.Release|Any CPU.Build.0 = Release|Any CPU
		{445CBD68-1CC7-47C6-B11C-E911B02C65F1}.Release|Mixed Platforms.ActiveCfg = Release|Any CPU
		{445CBD68-1CC7-47C6-B11C-E911B02C65F1}.Release|Mixed Platforms.Build.0 = Release|Any CPU
		{445CBD68-1CC7-47C6-B11C-E911B02C65F1}.Release|x64.ActiveCfg = Release|Any CPU
		{445CBD68-1CC7-47C6-B11C-E911B02C65F1}.Release|x64.Build.0 = Release|Any CPU
		{445CBD68-1CC7-47C6-B11C-E911B02C65F1}.Release|x86.ActiveCfg = Release|Any CPU
		{445CBD68-1CC7-47C6-B11C-E911B02C65F1}.Release|x86.Build.0 = Release|Any CPU
		{86536105-425F-4E69-847D-BA0272F60AB4}.Debug|Any CPU.ActiveCfg = Debug|Any CPU
		{86536105-425F-4E69-847D-BA0272F60AB4}.Debug|Any CPU.Build.0 = Debug|Any CPU
		{86536105-425F-4E69-847D-BA0272F60AB4}.Debug|Mixed Platforms.ActiveCfg = Debug|Any CPU
		{86536105-425F-4E69-847D-BA0272F60AB4}.Debug|Mixed Platforms.Build.0 = Debug|Any CPU
		{86536105-425F-4E69-847D-BA0272F60AB4}.Debug|x64.ActiveCfg = Debug|Any CPU
		{86536105-425F-4E69-847D-BA0272F60AB4}.Debug|x64.Build.0 = Debug|Any CPU
		{86536105-425F-4E69-847D-BA0272F60AB4}.Debug|x86.ActiveCfg = Debug|Any CPU
		{86536105-425F-4E69-847D-BA0272F60AB4}.Debug|x86.Build.0 = Debug|Any CPU
		{86536105-425F-4E69-847D-BA0272F60AB4}.Release|Any CPU.ActiveCfg = Release|Any CPU
		{86536105-425F-4E69-847D-BA0272F60AB4}.Release|Any CPU.Build.0 = Release|Any CPU
		{86536105-425F-4E69-847D-BA0272F60AB4}.Release|Mixed Platforms.ActiveCfg = Release|Any CPU
		{86536105-425F-4E69-847D-BA0272F60AB4}.Release|Mixed Platforms.Build.0 = Release|Any CPU
		{86536105-425F-4E69-847D-BA0272F60AB4}.Release|x64.ActiveCfg = Release|Any CPU
		{86536105-425F-4E69-847D-BA0272F60AB4}.Release|x64.Build.0 = Release|Any CPU
		{86536105-425F-4E69-847D-BA0272F60AB4}.Release|x86.ActiveCfg = Release|Any CPU
		{86536105-425F-4E69-847D-BA0272F60AB4}.Release|x86.Build.0 = Release|Any CPU
		{18394B43-3C55-4F8A-A388-AC300871BBF5}.Debug|Any CPU.ActiveCfg = Debug|Any CPU
		{18394B43-3C55-4F8A-A388-AC300871BBF5}.Debug|Any CPU.Build.0 = Debug|Any CPU
		{18394B43-3C55-4F8A-A388-AC300871BBF5}.Debug|Mixed Platforms.ActiveCfg = Debug|Any CPU
		{18394B43-3C55-4F8A-A388-AC300871BBF5}.Debug|Mixed Platforms.Build.0 = Debug|Any CPU
		{18394B43-3C55-4F8A-A388-AC300871BBF5}.Debug|x64.ActiveCfg = Debug|Any CPU
		{18394B43-3C55-4F8A-A388-AC300871BBF5}.Debug|x64.Build.0 = Debug|Any CPU
		{18394B43-3C55-4F8A-A388-AC300871BBF5}.Debug|x86.ActiveCfg = Debug|Any CPU
		{18394B43-3C55-4F8A-A388-AC300871BBF5}.Debug|x86.Build.0 = Debug|Any CPU
		{18394B43-3C55-4F8A-A388-AC300871BBF5}.Release|Any CPU.ActiveCfg = Release|Any CPU
		{18394B43-3C55-4F8A-A388-AC300871BBF5}.Release|Any CPU.Build.0 = Release|Any CPU
		{18394B43-3C55-4F8A-A388-AC300871BBF5}.Release|Mixed Platforms.ActiveCfg = Release|Any CPU
		{18394B43-3C55-4F8A-A388-AC300871BBF5}.Release|Mixed Platforms.Build.0 = Release|Any CPU
		{18394B43-3C55-4F8A-A388-AC300871BBF5}.Release|x64.ActiveCfg = Release|Any CPU
		{18394B43-3C55-4F8A-A388-AC300871BBF5}.Release|x64.Build.0 = Release|Any CPU
		{18394B43-3C55-4F8A-A388-AC300871BBF5}.Release|x86.ActiveCfg = Release|Any CPU
		{18394B43-3C55-4F8A-A388-AC300871BBF5}.Release|x86.Build.0 = Release|Any CPU
		{7D5BF980-ECD9-410A-94BA-96BCDB71E4A0}.Debug|Any CPU.ActiveCfg = Debug|Any CPU
		{7D5BF980-ECD9-410A-94BA-96BCDB71E4A0}.Debug|Any CPU.Build.0 = Debug|Any CPU
		{7D5BF980-ECD9-410A-94BA-96BCDB71E4A0}.Debug|Mixed Platforms.ActiveCfg = Debug|Any CPU
		{7D5BF980-ECD9-410A-94BA-96BCDB71E4A0}.Debug|Mixed Platforms.Build.0 = Debug|Any CPU
		{7D5BF980-ECD9-410A-94BA-96BCDB71E4A0}.Debug|x64.ActiveCfg = Debug|Any CPU
		{7D5BF980-ECD9-410A-94BA-96BCDB71E4A0}.Debug|x64.Build.0 = Debug|Any CPU
		{7D5BF980-ECD9-410A-94BA-96BCDB71E4A0}.Debug|x86.ActiveCfg = Debug|Any CPU
		{7D5BF980-ECD9-410A-94BA-96BCDB71E4A0}.Debug|x86.Build.0 = Debug|Any CPU
		{7D5BF980-ECD9-410A-94BA-96BCDB71E4A0}.Release|Any CPU.ActiveCfg = Release|Any CPU
		{7D5BF980-ECD9-410A-94BA-96BCDB71E4A0}.Release|Any CPU.Build.0 = Release|Any CPU
		{7D5BF980-ECD9-410A-94BA-96BCDB71E4A0}.Release|Mixed Platforms.ActiveCfg = Release|Any CPU
		{7D5BF980-ECD9-410A-94BA-96BCDB71E4A0}.Release|Mixed Platforms.Build.0 = Release|Any CPU
		{7D5BF980-ECD9-410A-94BA-96BCDB71E4A0}.Release|x64.ActiveCfg = Release|Any CPU
		{7D5BF980-ECD9-410A-94BA-96BCDB71E4A0}.Release|x64.Build.0 = Release|Any CPU
		{7D5BF980-ECD9-410A-94BA-96BCDB71E4A0}.Release|x86.ActiveCfg = Release|Any CPU
		{7D5BF980-ECD9-410A-94BA-96BCDB71E4A0}.Release|x86.Build.0 = Release|Any CPU
		{170F8ACB-A013-4F9D-BF5E-079D373E8439}.Debug|Any CPU.ActiveCfg = Debug|Any CPU
		{170F8ACB-A013-4F9D-BF5E-079D373E8439}.Debug|Any CPU.Build.0 = Debug|Any CPU
		{170F8ACB-A013-4F9D-BF5E-079D373E8439}.Debug|Mixed Platforms.ActiveCfg = Debug|Any CPU
		{170F8ACB-A013-4F9D-BF5E-079D373E8439}.Debug|Mixed Platforms.Build.0 = Debug|Any CPU
		{170F8ACB-A013-4F9D-BF5E-079D373E8439}.Debug|x64.ActiveCfg = Debug|Any CPU
		{170F8ACB-A013-4F9D-BF5E-079D373E8439}.Debug|x64.Build.0 = Debug|Any CPU
		{170F8ACB-A013-4F9D-BF5E-079D373E8439}.Debug|x86.ActiveCfg = Debug|Any CPU
		{170F8ACB-A013-4F9D-BF5E-079D373E8439}.Debug|x86.Build.0 = Debug|Any CPU
		{170F8ACB-A013-4F9D-BF5E-079D373E8439}.Release|Any CPU.ActiveCfg = Release|Any CPU
		{170F8ACB-A013-4F9D-BF5E-079D373E8439}.Release|Any CPU.Build.0 = Release|Any CPU
		{170F8ACB-A013-4F9D-BF5E-079D373E8439}.Release|Mixed Platforms.ActiveCfg = Release|Any CPU
		{170F8ACB-A013-4F9D-BF5E-079D373E8439}.Release|Mixed Platforms.Build.0 = Release|Any CPU
		{170F8ACB-A013-4F9D-BF5E-079D373E8439}.Release|x64.ActiveCfg = Release|Any CPU
		{170F8ACB-A013-4F9D-BF5E-079D373E8439}.Release|x64.Build.0 = Release|Any CPU
		{170F8ACB-A013-4F9D-BF5E-079D373E8439}.Release|x86.ActiveCfg = Release|Any CPU
		{170F8ACB-A013-4F9D-BF5E-079D373E8439}.Release|x86.Build.0 = Release|Any CPU
		{F5BAD4D4-1D57-4946-B95B-F6E236C95920}.Debug|Any CPU.ActiveCfg = Debug|Any CPU
		{F5BAD4D4-1D57-4946-B95B-F6E236C95920}.Debug|Any CPU.Build.0 = Debug|Any CPU
		{F5BAD4D4-1D57-4946-B95B-F6E236C95920}.Debug|Mixed Platforms.ActiveCfg = Debug|Any CPU
		{F5BAD4D4-1D57-4946-B95B-F6E236C95920}.Debug|Mixed Platforms.Build.0 = Debug|Any CPU
		{F5BAD4D4-1D57-4946-B95B-F6E236C95920}.Debug|x64.ActiveCfg = Debug|Any CPU
		{F5BAD4D4-1D57-4946-B95B-F6E236C95920}.Debug|x64.Build.0 = Debug|Any CPU
		{F5BAD4D4-1D57-4946-B95B-F6E236C95920}.Debug|x86.ActiveCfg = Debug|Any CPU
		{F5BAD4D4-1D57-4946-B95B-F6E236C95920}.Debug|x86.Build.0 = Debug|Any CPU
		{F5BAD4D4-1D57-4946-B95B-F6E236C95920}.Release|Any CPU.ActiveCfg = Release|Any CPU
		{F5BAD4D4-1D57-4946-B95B-F6E236C95920}.Release|Any CPU.Build.0 = Release|Any CPU
		{F5BAD4D4-1D57-4946-B95B-F6E236C95920}.Release|Mixed Platforms.ActiveCfg = Release|Any CPU
		{F5BAD4D4-1D57-4946-B95B-F6E236C95920}.Release|Mixed Platforms.Build.0 = Release|Any CPU
		{F5BAD4D4-1D57-4946-B95B-F6E236C95920}.Release|x64.ActiveCfg = Release|Any CPU
		{F5BAD4D4-1D57-4946-B95B-F6E236C95920}.Release|x64.Build.0 = Release|Any CPU
		{F5BAD4D4-1D57-4946-B95B-F6E236C95920}.Release|x86.ActiveCfg = Release|Any CPU
		{F5BAD4D4-1D57-4946-B95B-F6E236C95920}.Release|x86.Build.0 = Release|Any CPU
	EndGlobalSection
	GlobalSection(SolutionProperties) = preSolution
		HideSolutionNode = FALSE
	EndGlobalSection
	GlobalSection(NestedProjects) = preSolution
		{427DD4AC-539E-4CF6-A6B7-9F8B125795B7} = {955801CF-9BBA-44E7-8467-96F945236F6C}
		{850EF8DD-A0EE-4CDA-8012-B6379A57E29F} = {1C444BA5-BC4F-4574-B789-FC3EDC6ED5D8}
		{445CBD68-1CC7-47C6-B11C-E911B02C65F1} = {87BF383E-16B8-4C71-933A-BB1899C3AACB}
		{86536105-425F-4E69-847D-BA0272F60AB4} = {8EF522C7-07BA-4BD2-B4BB-8B4549622ECC}
		{18394B43-3C55-4F8A-A388-AC300871BBF5} = {8EF522C7-07BA-4BD2-B4BB-8B4549622ECC}
		{7D5BF980-ECD9-410A-94BA-96BCDB71E4A0} = {CBC11E13-0CA2-44C3-9F53-11796707C0A7}
		{170F8ACB-A013-4F9D-BF5E-079D373E8439} = {CBC11E13-0CA2-44C3-9F53-11796707C0A7}
		{F5BAD4D4-1D57-4946-B95B-F6E236C95920} = {A4C6EC8F-413C-4BE8-8F2E-B8DE7923853E}
	EndGlobalSection
EndGlobal
